<?xml version="1.0" encoding="utf-8"?>
<Project ToolsVersion="4.0" xmlns="http://schemas.microsoft.com/developer/msbuild/2003">
  <ItemGroup>
    <Filter Include="소스 파일">
      <UniqueIdentifier>{4FC737F1-C7A5-4376-A066-2A32D752A2FF}</UniqueIdentifier>
      <Extensions>cpp;c;cc;cxx;c++;cppm;ixx;def;odl;idl;hpj;bat;asm;asmx</Extensions>
    </Filter>
    <Filter Include="헤더 파일">
      <UniqueIdentifier>{93995380-89BD-4b04-88EB-625FBE52EBFB}</UniqueIdentifier>
      <Extensions>h;hh;hpp;hxx;h++;hm;inl;inc;ipp;xsd</Extensions>
    </Filter>
    <Filter Include="리소스 파일">
      <UniqueIdentifier>{67DA6AB6-F800-4c08-8B7A-83BB121AAD01}</UniqueIdentifier>
      <Extensions>rc;ico;cur;bmp;dlg;rc2;rct;bin;rgs;gif;jpg;jpeg;jpe;resx;tiff;tif;png;wav;mfcribbon-ms</Extensions>
    </Filter>
    <Filter Include="소스 파일\Manager">
      <UniqueIdentifier>{800a7f6c-9f21-40ed-92f9-469bc317e4a2}</UniqueIdentifier>
    </Filter>
    <Filter Include="소스 파일\Manager\Header">
      <UniqueIdentifier>{01ee6fd6-7a22-4265-8202-1a20758eb79a}</UniqueIdentifier>
    </Filter>
    <Filter Include="소스 파일\Manager\Source">
      <UniqueIdentifier>{a94e8f47-aa70-42c4-8223-50fb746345b8}</UniqueIdentifier>
    </Filter>
    <Filter Include="소스 파일\Util">
      <UniqueIdentifier>{6632495f-f417-4fa9-aba9-98226b32a63e}</UniqueIdentifier>
    </Filter>
    <Filter Include="소스 파일\RapidJson">
      <UniqueIdentifier>{ee9b1407-b159-4536-afa1-091069c3b2b1}</UniqueIdentifier>
    </Filter>
    <Filter Include="소스 파일\Monster">
      <UniqueIdentifier>{45c920e3-f94b-496f-a481-0bb65ae81516}</UniqueIdentifier>
    </Filter>
    <Filter Include="소스 파일\Util\Json">
      <UniqueIdentifier>{5f2d1fbb-6882-42ec-9500-ff86dc149362}</UniqueIdentifier>
    </Filter>
  </ItemGroup>
  <ItemGroup>
    <ClCompile Include="main.cpp">
      <Filter>소스 파일</Filter>
    </ClCompile>
    <ClCompile Include="Manager\Source\PokeG_Server.cpp">
      <Filter>소스 파일\Manager\Source</Filter>
    </ClCompile>
    <ClCompile Include="Manager\Source\MonsterMgr.cpp">
      <Filter>소스 파일\Manager\Source</Filter>
    </ClCompile>
    <ClCompile Include="Util\UtilLog.cpp">
      <Filter>소스 파일\Util</Filter>
    </ClCompile>
    <ClCompile Include="Util\JsonParser.cpp">
      <Filter>소스 파일\Util\Json</Filter>
    </ClCompile>
    <ClCompile Include="Monster.cpp">
      <Filter>소스 파일\Monster</Filter>
    </ClCompile>
  </ItemGroup>
  <ItemGroup>
    <ClInclude Include="stdafx.h">
      <Filter>헤더 파일</Filter>
    </ClInclude>
    <ClInclude Include="Manager\Header\PokeG_Server.h">
      <Filter>소스 파일\Manager\Header</Filter>
    </ClInclude>
    <ClInclude Include="rapidjson\allocators.h">
      <Filter>소스 파일\RapidJson</Filter>
    </ClInclude>
    <ClInclude Include="rapidjson\cursorstreamwrapper.h">
      <Filter>소스 파일\RapidJson</Filter>
    </ClInclude>
    <ClInclude Include="rapidjson\document.h">
      <Filter>소스 파일\RapidJson</Filter>
    </ClInclude>
    <ClInclude Include="rapidjson\encodedstream.h">
      <Filter>소스 파일\RapidJson</Filter>
    </ClInclude>
    <ClInclude Include="rapidjson\encodings.h">
      <Filter>소스 파일\RapidJson</Filter>
    </ClInclude>
    <ClInclude Include="rapidjson\filereadstream.h">
      <Filter>소스 파일\RapidJson</Filter>
    </ClInclude>
    <ClInclude Include="rapidjson\filewritestream.h">
      <Filter>소스 파일\RapidJson</Filter>
    </ClInclude>
    <ClInclude Include="rapidjson\fwd.h">
      <Filter>소스 파일\RapidJson</Filter>
    </ClInclude>
    <ClInclude Include="rapidjson\istreamwrapper.h">
      <Filter>소스 파일\RapidJson</Filter>
    </ClInclude>
    <ClInclude Include="rapidjson\memorybuffer.h">
      <Filter>소스 파일\RapidJson</Filter>
    </ClInclude>
    <ClInclude Include="rapidjson\memorystream.h">
      <Filter>소스 파일\RapidJson</Filter>
    </ClInclude>
    <ClInclude Include="rapidjson\ostreamwrapper.h">
      <Filter>소스 파일\RapidJson</Filter>
    </ClInclude>
    <ClInclude Include="rapidjson\pointer.h">
      <Filter>소스 파일\RapidJson</Filter>
    </ClInclude>
    <ClInclude Include="rapidjson\prettywriter.h">
      <Filter>소스 파일\RapidJson</Filter>
    </ClInclude>
    <ClInclude Include="rapidjson\rapidjson.h">
      <Filter>소스 파일\RapidJson</Filter>
    </ClInclude>
    <ClInclude Include="rapidjson\reader.h">
      <Filter>소스 파일\RapidJson</Filter>
    </ClInclude>
    <ClInclude Include="rapidjson\schema.h">
      <Filter>소스 파일\RapidJson</Filter>
    </ClInclude>
    <ClInclude Include="rapidjson\stream.h">
      <Filter>소스 파일\RapidJson</Filter>
    </ClInclude>
    <ClInclude Include="rapidjson\stringbuffer.h">
      <Filter>소스 파일\RapidJson</Filter>
    </ClInclude>
    <ClInclude Include="rapidjson\uri.h">
      <Filter>소스 파일\RapidJson</Filter>
    </ClInclude>
    <ClInclude Include="rapidjson\writer.h">
      <Filter>소스 파일\RapidJson</Filter>
    </ClInclude>
    <ClInclude Include="Manager\Header\MonsterMgr.h">
      <Filter>소스 파일\Manager\Header</Filter>
    </ClInclude>
    <ClInclude Include="Util\UtilLog.h">
      <Filter>소스 파일\Util</Filter>
    </ClInclude>
    <ClInclude Include="Util\JsonParser.h">
      <Filter>소스 파일\Util\Json</Filter>
    </ClInclude>
    <ClInclude Include="Monster.h">
      <Filter>소스 파일\Monster</Filter>
    </ClInclude>
    <ClInclude Include="OverExpasion.h">
      <Filter>헤더 파일</Filter>
    </ClInclude>
    <ClInclude Include="Protocol.h">
      <Filter>헤더 파일</Filter>
    </ClInclude>
    <ClInclude Include="Enum.h">
      <Filter>헤더 파일</Filter>
    </ClInclude>
  </ItemGroup>
  <ItemGroup>
    <None Include="Data.json">
      <Filter>소스 파일</Filter>
    </None>
  </ItemGroup>
</Project>