<?xml version="1.0" encoding="utf-8"?>
<Project ToolsVersion="4.0" xmlns="http://schemas.microsoft.com/developer/msbuild/2003">
  <ItemGroup>
    <Filter Include="소스 파일">
      <UniqueIdentifier>{4FC737F1-C7A5-4376-A066-2A32D752A2FF}</UniqueIdentifier>
      <Extensions>cpp;c;cc;cxx;c++;cppm;ixx;def;odl;idl;hpj;bat;asm;asmx</Extensions>
    </Filter>
    <Filter Include="헤더 파일">
      <UniqueIdentifier>{93995380-89BD-4b04-88EB-625FBE52EBFB}</UniqueIdentifier>
      <Extensions>h;hh;hpp;hxx;h++;hm;inl;inc;ipp;xsd</Extensions>
    </Filter>
    <Filter Include="리소스 파일">
      <UniqueIdentifier>{67DA6AB6-F800-4c08-8B7A-83BB121AAD01}</UniqueIdentifier>
      <Extensions>rc;ico;cur;bmp;dlg;rc2;rct;bin;rgs;gif;jpg;jpeg;jpe;resx;tiff;tif;png;wav;mfcribbon-ms</Extensions>
    </Filter>
    <Filter Include="Util">
      <UniqueIdentifier>{8ac80069-772b-4cdf-bf62-b62ca4eee421}</UniqueIdentifier>
    </Filter>
    <Filter Include="Manager">
      <UniqueIdentifier>{af37b841-a590-4c21-92a0-96e871c92c66}</UniqueIdentifier>
    </Filter>
    <Filter Include="Manager\Header">
      <UniqueIdentifier>{b67ccbf1-ea50-417e-a3c1-2753e6367a8e}</UniqueIdentifier>
    </Filter>
    <Filter Include="Manager\Source">
      <UniqueIdentifier>{18d97197-f391-4f1e-be4e-98968e74e2d0}</UniqueIdentifier>
    </Filter>
    <Filter Include="Common">
      <UniqueIdentifier>{3decfe70-4ff3-49c8-bd03-cd50fc899569}</UniqueIdentifier>
    </Filter>
  </ItemGroup>
  <ItemGroup>
    <ClCompile Include="Manager\ClientMgr.cpp">
      <Filter>Manager\Source</Filter>
    </ClCompile>
    <ClCompile Include="Manager\DBMgr.cpp">
      <Filter>Manager\Source</Filter>
    </ClCompile>
    <ClCompile Include="Manager\MapMgr.cpp">
      <Filter>Manager\Source</Filter>
    </ClCompile>
    <ClCompile Include="Manager\PacketMgr.cpp">
      <Filter>Manager\Source</Filter>
    </ClCompile>
    <ClCompile Include="Manager\SectorMgr.cpp">
      <Filter>Manager\Source</Filter>
    </ClCompile>
    <ClCompile Include="Manager\TimerMgr.cpp">
      <Filter>Manager\Source</Filter>
    </ClCompile>
    <ClCompile Include="Util\CollisionChecker.cpp">
      <Filter>Util</Filter>
    </ClCompile>
    <ClCompile Include="Util\LogUtil.cpp">
      <Filter>Util</Filter>
    </ClCompile>
    <ClCompile Include="Client.cpp">
      <Filter>소스 파일</Filter>
    </ClCompile>
    <ClCompile Include="IOCPServer.cpp">
      <Filter>소스 파일</Filter>
    </ClCompile>
    <ClCompile Include="main.cpp">
      <Filter>소스 파일</Filter>
    </ClCompile>
  </ItemGroup>
  <ItemGroup>
    <ClInclude Include="Manager\ClientMgr.h">
      <Filter>Manager\Header</Filter>
    </ClInclude>
    <ClInclude Include="Manager\DBMgr.h">
      <Filter>Manager\Header</Filter>
    </ClInclude>
    <ClInclude Include="Manager\MapMgr.h">
      <Filter>Manager\Header</Filter>
    </ClInclude>
    <ClInclude Include="Manager\PacketMgr.h">
      <Filter>Manager\Header</Filter>
    </ClInclude>
    <ClInclude Include="Manager\SectorMgr.h">
      <Filter>Manager\Header</Filter>
    </ClInclude>
    <ClInclude Include="Manager\TimerMgr.h">
      <Filter>Manager\Header</Filter>
    </ClInclude>
    <ClInclude Include="Util\CollisionChecker.h">
      <Filter>Util</Filter>
    </ClInclude>
    <ClInclude Include="Util\LogUtil.h">
      <Filter>Util</Filter>
    </ClInclude>
    <ClInclude Include="Client.h">
      <Filter>헤더 파일</Filter>
    </ClInclude>
    <ClInclude Include="Define.h">
      <Filter>헤더 파일</Filter>
    </ClInclude>
    <ClInclude Include="IOCPServer.h">
      <Filter>헤더 파일</Filter>
    </ClInclude>
    <ClInclude Include="stdafx.h">
      <Filter>헤더 파일</Filter>
    </ClInclude>
    <ClInclude Include="..\..\Common\EnumDef.h">
      <Filter>Common</Filter>
    </ClInclude>
    <ClInclude Include="..\..\Common\GameUtil.h">
      <Filter>Common</Filter>
    </ClInclude>
    <ClInclude Include="..\..\Common\OverExpansion.h">
      <Filter>Common</Filter>
    </ClInclude>
    <ClInclude Include="..\..\Common\protocol.h">
      <Filter>Common</Filter>
    </ClInclude>
  </ItemGroup>
</Project>